github.com/davecgh/go-spew v1.1.0/go.mod h1:J7Y8YcW2NihsgmVo/mv3lAwl/skON4iLHjSsI+c5H38=
github.com/oidc-mytoken/api v0.3.1-0.20211213133031-407e2b314155 h1:F6L0SbUkqp4CW9BRlfFniCtV/sdfmZ7l2cdEhIT4Mdw=
github.com/oidc-mytoken/api v0.3.1-0.20211213133031-407e2b314155/go.mod h1:S8t1XA42EFAgc3vUfis0g1LPGA4TXH0nfDynvgo6cwk=
github.com/oidc-mytoken/api v0.3.1-0.20211220153443-bf41385a02b3 h1:xUXVF7FJ4Bbo0yNQOYpT9/Rgw4296b5jX+L4Ib5zyQc=
github.com/oidc-mytoken/api v0.3.1-0.20211220153443-bf41385a02b3/go.mod h1:RMeAl6ICLnemFQU4g57IHCP8m9WZg8PjXNVkodMiNi8=
github.com/pmezard/go-difflib v1.0.0/go.mod h1:iKH77koFhYxTK1pcRnkKkqfTogsbg7gZNVY4sRDYZ/4=
github.com/stretchr/objx v0.1.0/go.mod h1:HFkY916IF+rwdDfMAkV7OtwuqBVzrE8GR6GFx+wExME=
github.com/stretchr/testify v1.7.0/go.mod h1:6Fq8oRcR53rry900zMqJjRRixrwX3KX962/h/Wwjteg=
gopkg.in/check.v1 v0.0.0-20161208181325-20d25e280405/go.mod h1:Co6ibVJAznAaIkqp8huTwlJQCZ016jof/cbN4VW5Yz0=
gopkg.in/yaml.v3 v3.0.0-20200313102051-9f266ea9e77c/go.mod h1:K4uyk7z7BCEPqu6E+C64Yfv1cQ7kz7rIZviUmN+EgEM=
